// !$*UTF8*$!
{
	archiveVersion = 1;
	classes = {
	};
	objectVersion = 48;
	objects = {

/* Begin PBXBuildFile section */
		4D65E1C21FD453780046C9EF /* AppDelegate.swift in Sources */ = {isa = PBXBuildFile; fileRef = 4D65E1C11FD453780046C9EF /* AppDelegate.swift */; };
		4D65E1C41FD453780046C9EF /* ViewController.swift in Sources */ = {isa = PBXBuildFile; fileRef = 4D65E1C31FD453780046C9EF /* ViewController.swift */; };
		4D65E1C71FD453780046C9EF /* Main.storyboard in Resources */ = {isa = PBXBuildFile; fileRef = 4D65E1C51FD453780046C9EF /* Main.storyboard */; };
		4D65E1CA1FD453780046C9EF /* AsssgnTableView.xcdatamodeld in Sources */ = {isa = PBXBuildFile; fileRef = 4D65E1C81FD453780046C9EF /* AsssgnTableView.xcdatamodeld */; };
		4D65E1CC1FD453780046C9EF /* Assets.xcassets in Resources */ = {isa = PBXBuildFile; fileRef = 4D65E1CB1FD453780046C9EF /* Assets.xcassets */; };
		4D65E1CF1FD453780046C9EF /* LaunchScreen.storyboard in Resources */ = {isa = PBXBuildFile; fileRef = 4D65E1CD1FD453780046C9EF /* LaunchScreen.storyboard */; };
		4D65E1D71FD45BF80046C9EF /* tvcFacebookView.swift in Sources */ = {isa = PBXBuildFile; fileRef = 4D65E1D61FD45BF80046C9EF /* tvcFacebookView.swift */; };
/* End PBXBuildFile section */

/* Begin PBXFileReference section */
		4D65E1BE1FD453780046C9EF /* AsssgnTableView.app */ = {isa = PBXFileReference; explicitFileType = wrapper.application; includeInIndex = 0; path = AsssgnTableView.app; sourceTree = BUILT_PRODUCTS_DIR; };
		4D65E1C11FD453780046C9EF /* AppDelegate.swift */ = {isa = PBXFileReference; lastKnownFileType = sourcecode.swift; path = AppDelegate.swift; sourceTree = "<group>"; };
		4D65E1C31FD453780046C9EF /* ViewController.swift */ = {isa = PBXFileReference; lastKnownFileType = sourcecode.swift; path = ViewController.swift; sourceTree = "<group>"; };
		4D65E1C61FD453780046C9EF /* Base */ = {isa = PBXFileReference; lastKnownFileType = file.storyboard; name = Base; path = Base.lproj/Main.storyboard; sourceTree = "<group>"; };
		4D65E1C91FD453780046C9EF /* AsssgnTableView.xcdatamodel */ = {isa = PBXFileReference; lastKnownFileType = wrapper.xcdatamodel; path = AsssgnTableView.xcdatamodel; sourceTree = "<group>"; };
		4D65E1CB1FD453780046C9EF /* Assets.xcassets */ = {isa = PBXFileReference; lastKnownFileType = folder.assetcatalog; path = Assets.xcassets; sourceTree = "<group>"; };
		4D65E1CE1FD453780046C9EF /* Base */ = {isa = PBXFileReference; lastKnownFileType = file.storyboard; name = Base; path = Base.lproj/LaunchScreen.storyboard; sourceTree = "<group>"; };
		4D65E1D01FD453780046C9EF /* Info.plist */ = {isa = PBXFileReference; lastKnownFileType = text.plist.xml; path = Info.plist; sourceTree = "<group>"; };
		4D65E1D61FD45BF80046C9EF /* tvcFacebookView.swift */ = {isa = PBXFileReference; lastKnownFileType = sourcecode.swift; path = tvcFacebookView.swift; sourceTree = "<group>"; };
/* End PBXFileReference section */

/* Begin PBXFrameworksBuildPhase section */
		4D65E1BB1FD453780046C9EF /* Frameworks */ = {
			isa = PBXFrameworksBuildPhase;
			buildActionMask = 2147483647;
			files = (
			);
			runOnlyForDeploymentPostprocessing = 0;
		};
/* End PBXFrameworksBuildPhase section */

/* Begin PBXGroup section */
		4D65E1B51FD453780046C9EF = {
			isa = PBXGroup;
			children = (
				4D65E1C01FD453780046C9EF /* AsssgnTableView */,
				4D65E1BF1FD453780046C9EF /* Products */,
			);
			sourceTree = "<group>";
		};
		4D65E1BF1FD453780046C9EF /* Products */ = {
			isa = PBXGroup;
			children = (
				4D65E1BE1FD453780046C9EF /* AsssgnTableView.app */,
			);
			name = Products;
			sourceTree = "<group>";
		};
		4D65E1C01FD453780046C9EF /* AsssgnTableView */ = {
			isa = PBXGroup;
			children = (
				4D65E1C11FD453780046C9EF /* AppDelegate.swift */,
				4D65E1C31FD453780046C9EF /* ViewController.swift */,
				4D65E1C51FD453780046C9EF /* Main.storyboard */,
				4D65E1CB1FD453780046C9EF /* Assets.xcassets */,
				4D65E1CD1FD453780046C9EF /* LaunchScreen.storyboard */,
				4D65E1D01FD453780046C9EF /* Info.plist */,
				4D65E1C81FD453780046C9EF /* AsssgnTableView.xcdatamodeld */,
				4D65E1D61FD45BF80046C9EF /* tvcFacebookView.swift */,
			);
			path = AsssgnTableView;
			sourceTree = "<group>";
		};
/* End PBXGroup section */

/* Begin PBXNativeTarget section */
		4D65E1BD1FD453780046C9EF /* AsssgnTableView */ = {
			isa = PBXNativeTarget;
			buildConfigurationList = 4D65E1D31FD453780046C9EF /* Build configuration list for PBXNativeTarget "AsssgnTableView" */;
			buildPhases = (
				4D65E1BA1FD453780046C9EF /* Sources */,
				4D65E1BB1FD453780046C9EF /* Frameworks */,
				4D65E1BC1FD453780046C9EF /* Resources */,
			);
			buildRules = (
			);
			dependencies = (
			);
			name = AsssgnTableView;
			productName = AsssgnTableView;
			productReference = 4D65E1BE1FD453780046C9EF /* AsssgnTableView.app */;
			productType = "com.apple.product-type.application";
		};
/* End PBXNativeTarget section */

/* Begin PBXProject section */
		4D65E1B61FD453780046C9EF /* Project object */ = {
			isa = PBXProject;
			attributes = {
				LastSwiftUpdateCheck = 0910;
				LastUpgradeCheck = 0910;
				ORGANIZATIONNAME = "Onkar Murkar";
				TargetAttributes = {
					4D65E1BD1FD453780046C9EF = {
						CreatedOnToolsVersion = 9.1;
						ProvisioningStyle = Automatic;
					};
				};
			};
			buildConfigurationList = 4D65E1B91FD453780046C9EF /* Build configuration list for PBXProject "AsssgnTableView" */;
			compatibilityVersion = "Xcode 8.0";
			developmentRegion = en;
			hasScannedForEncodings = 0;
			knownRegions = (
				en,
				Base,
			);
			mainGroup = 4D65E1B51FD453780046C9EF;
			productRefGroup = 4D65E1BF1FD453780046C9EF /* Products */;
			projectDirPath = "";
			projectRoot = "";
			targets = (
				4D65E1BD1FD453780046C9EF /* AsssgnTableView */,
			);
		};
/* End PBXProject section */

/* Begin PBXResourcesBuildPhase section */
		4D65E1BC1FD453780046C9EF /* Resources */ = {
			isa = PBXResourcesBuildPhase;
			buildActionMask = 2147483647;
			files = (
				4D65E1CF1FD453780046C9EF /* LaunchScreen.storyboard in Resources */,
				4D65E1CC1FD453780046C9EF /* Assets.xcassets in Resources */,
				4D65E1C71FD453780046C9EF /* Main.storyboard in Resources */,
			);
			runOnlyForDeploymentPostprocessing = 0;
		};
/* End PBXResourcesBuildPhase section */

/* Begin PBXSourcesBuildPhase section */
		4D65E1BA1FD453780046C9EF /* Sources */ = {
			isa = PBXSourcesBuildPhase;
			buildActionMask = 2147483647;
			files = (
				4D65E1C41FD453780046C9EF /* ViewController.swift in Sources */,
				4D65E1CA1FD453780046C9EF /* AsssgnTableView.xcdatamodeld in Sources */,
				4D65E1D71FD45BF80046C9EF /* tvcFacebookView.swift in Sources */,
				4D65E1C21FD453780046C9EF /* AppDelegate.swift in Sources */,
			);
			runOnlyForDeploymentPostprocessing = 0;
		};
/* End PBXSourcesBuildPhase section */

/* Begin PBXVariantGroup section */
		4D65E1C51FD453780046C9EF /* Main.storyboard */ = {
			isa = PBXVariantGroup;
			children = (
				4D65E1C61FD453780046C9EF /* Base */,
			);
			name = Main.storyboard;
			sourceTree = "<group>";
		};
		4D65E1CD1FD453780046C9EF /* LaunchScreen.storyboard */ = {
			isa = PBXVariantGroup;
			children = (
				4D65E1CE1FD453780046C9EF /* Base */,
			);
			name = LaunchScreen.storyboard;
			sourceTree = "<group>";
		};
/* End PBXVariantGroup section */

/* Begin XCBuildConfiguration section */
		4D65E1D11FD453780046C9EF /* Debug */ = {
			isa = XCBuildConfiguration;
			buildSettings = {
				ALWAYS_SEARCH_USER_PATHS = NO;
				CLANG_ANALYZER_NONNULL = YES;
				CLANG_ANALYZER_NUMBER_OBJECT_CONVERSION = YES_AGGRESSIVE;
				CLANG_CXX_LANGUAGE_STANDARD = "gnu++14";
				CLANG_CXX_LIBRARY = "libc++";
				CLANG_ENABLE_MODULES = YES;
				CLANG_ENABLE_OBJC_ARC = YES;
				CLANG_WARN_BLOCK_CAPTURE_AUTORELEASING = YES;
				CLANG_WARN_BOOL_CONVERSION = YES;
				CLANG_WARN_COMMA = YES;
				CLANG_WARN_CONSTANT_CONVERSION = YES;
				CLANG_WARN_DIRECT_OBJC_ISA_USAGE = YES_ERROR;
				CLANG_WARN_DOCUMENTATION_COMMENTS = YES;
				CLANG_WARN_EMPTY_BODY = YES;
				CLANG_WARN_ENUM_CONVERSION = YES;
				CLANG_WARN_INFINITE_RECURSION = YES;
				CLANG_WARN_INT_CONVERSION = YES;
				CLANG_WARN_NON_LITERAL_NULL_CONVERSION = YES;
				CLANG_WARN_OBJC_LITERAL_CONVERSION = YES;
				CLANG_WARN_OBJC_ROOT_CLASS = YES_ERROR;
				CLANG_WARN_RANGE_LOOP_ANALYSIS = YES;
				CLANG_WARN_STRICT_PROTOTYPES = YES;
				CLANG_WARN_SUSPICIOUS_MOVE = YES;
				CLANG_WARN_UNGUARDED_AVAILABILITY = YES_AGGRESSIVE;
				CLANG_WARN_UNREACHABLE_CODE = YES;
				CLANG_WARN__DUPLICATE_METHOD_MATCH = YES;
				CODE_SIGN_IDENTITY = "iPhone Developer";
				COPY_PHASE_STRIP = NO;
				DEBUG_INFORMATION_FORMAT = dwarf;
				ENABLE_STRICT_OBJC_MSGSEND = YES;
				ENABLE_TESTABILITY = YES;
				GCC_C_LANGUAGE_STANDARD = gnu11;
				GCC_DYNAMIC_NO_PIC = NO;
				GCC_NO_COMMON_BLOCKS = YES;
				GCC_OPTIMIZATION_LEVEL = 0;
				GCC_PREPROCESSOR_DEFINITIONS = (
					"DEBUG=1",
					"$(inherited)",
				);
				GCC_WARN_64_TO_32_BIT_CONVERSION = YES;
				GCC_WARN_ABOUT_RETURN_TYPE = YES_ERROR;
				GCC_WARN_UNDECLARED_SELECTOR = YES;
				GCC_WARN_UNINITIALIZED_AUTOS = YES_AGGRESSIVE;
				GCC_WARN_UNUSED_FUNCTION = YES;
				GCC_WARN_UNUSED_VARIABLE = YES;
				IPHONEOS_DEPLOYMENT_TARGET = 11.1;
				MTL_ENABLE_DEBUG_INFO = YES;
				ONLY_ACTIVE_ARCH = YES;
				SDKROOT = iphoneos;
				SWIFT_ACTIVE_COMPILATION_CONDITIONS = DEBUG;
				SWIFT_OPTIMIZATION_LEVEL = "-Onone";
			};
			name = Debug;
		};
		4D65E1D21FD453780046C9EF /* Release */ = {
			isa = XCBuildConfiguration;
			buildSettings = {
				ALWAYS_SEARCH_USER_PATHS = NO;
				CLANG_ANALYZER_NONNULL = YES;
				CLANG_ANALYZER_NUMBER_OBJECT_CONVERSION = YES_AGGRESSIVE;
				CLANG_CXX_LANGUAGE_STANDARD = "gnu++14";
				CLANG_CXX_LIBRARY = "libc++";
				CLANG_ENABLE_MODULES = YES;
				CLANG_ENABLE_OBJC_ARC = YES;
				CLANG_WARN_BLOCK_CAPTURE_AUTORELEASING = YES;
				CLANG_WARN_BOOL_CONVERSION = YES;
				CLANG_WARN_COMMA = YES;
				CLANG_WARN_CONSTANT_CONVERSION = YES;
				CLANG_WARN_DIRECT_OBJC_ISA_USAGE = YES_ERROR;
				CLANG_WARN_DOCUMENTATION_COMMENTS = YES;
				CLANG_WARN_EMPTY_BODY = YES;
				CLANG_WARN_ENUM_CONVERSION = YES;
				CLANG_WARN_INFINITE_RECURSION = YES;
				CLANG_WARN_INT_CONVERSION = YES;
				CLANG_WARN_NON_LITERAL_NULL_CONVERSION = YES;
				CLANG_WARN_OBJC_LITERAL_CONVERSION = YES;
				CLANG_WARN_OBJC_ROOT_CLASS = YES_ERROR;
				CLANG_WARN_RANGE_LOOP_ANALYSIS = YES;
				CLANG_WARN_STRICT_PROTOTYPES = YES;
				CLANG_WARN_SUSPICIOUS_MOVE = YES;
				CLANG_WARN_UNGUARDED_AVAILABILITY = YES_AGGRESSIVE;
				CLANG_WARN_UNREACHABLE_CODE = YES;
				CLANG_WARN__DUPLICATE_METHOD_MATCH = YES;
				CODE_SIGN_IDENTITY = "iPhone Developer";
				COPY_PHASE_STRIP = NO;
				DEBUG_INFORMATION_FORMAT = "dwarf-with-dsym";
				ENABLE_NS_ASSERTIONS = NO;
				ENABLE_STRICT_OBJC_MSGSEND = YES;
				GCC_C_LANGUAGE_STANDARD = gnu11;
				GCC_NO_COMMON_BLOCKS = YES;
				GCC_WARN_64_TO_32_BIT_CONVERSION = YES;
				GCC_WARN_ABOUT_RETURN_TYPE = YES_ERROR;
				GCC_WARN_UNDECLARED_SELECTOR = YES;
				GCC_WARN_UNINITIALIZED_AUTOS = YES_AGGRESSIVE;
				GCC_WARN_UNUSED_FUNCTION = YES;
				GCC_WARN_UNUSED_VARIABLE = YES;
				IPHONEOS_DEPLOYMENT_TARGET = 11.1;
				MTL_ENABLE_DEBUG_INFO = NO;
				SDKROOT = iphoneos;
				SWIFT_OPTIMIZATION_LEVEL = "-Owholemodule";
				VALIDATE_PRODUCT = YES;
			};
			name = Release;
		};
		4D65E1D41FD453780046C9EF /* Debug */ = {
			isa = XCBuildConfiguration;
			buildSettings = {
				ASSETCATALOG_COMPILER_APPICON_NAME = AppIcon;
				CODE_SIGN_STYLE = Automatic;
				INFOPLIST_FILE = AsssgnTableView/Info.plist;
				LD_RUNPATH_SEARCH_PATHS = "$(inherited) @executable_path/Frameworks";
				PRODUCT_BUNDLE_IDENTIFIER = com.techmobility.AsssgnTableView;
				PRODUCT_NAME = "$(TARGET_NAME)";
				SWIFT_VERSION = 4.0;
				TARGETED_DEVICE_FAMILY = "1,2";
			};
			name = Debug;
		};
		4D65E1D51FD453780046C9EF /* Release */ = {
			isa = XCBuildConfiguration;
			buildSettings = {
				ASSETCATALOG_COMPILER_APPICON_NAME = AppIcon;
				CODE_SIGN_STYLE = Automatic;
				INFOPLIST_FILE = AsssgnTableView/Info.plist;
				LD_RUNPATH_SEARCH_PATHS = "$(inherited) @executable_path/Frameworks";
				PRODUCT_BUNDLE_IDENTIFIER = com.techmobility.AsssgnTableView;
				PRODUCT_NAME = "$(TARGET_NAME)";
				SWIFT_VERSION = 4.0;
				TARGETED_DEVICE_FAMILY = "1,2";
			};
			name = Release;
		};
/* End XCBuildConfiguration section */

/* Begin XCConfigurationList section */
		4D65E1B91FD453780046C9EF /* Build configuration list for PBXProject "AsssgnTableView" */ = {
			isa = XCConfigurationList;
			buildConfigurations = (
				4D65E1D11FD453780046C9EF /* Debug */,
				4D65E1D21FD453780046C9EF /* Release */,
			);
			defaultConfigurationIsVisible = 0;
			defaultConfigurationName = Release;
		};
		4D65E1D31FD453780046C9EF /* Build configuration list for PBXNativeTarget "AsssgnTableView" */ = {
			isa = XCConfigurationList;
			buildConfigurations = (
				4D65E1D41FD453780046C9EF /* Debug */,
				4D65E1D51FD453780046C9EF /* Release */,
			);
			defaultConfigurationIsVisible = 0;
			defaultConfigurationName = Release;
		};
/* End XCConfigurationList section */

/* Begin XCVersionGroup section */
		4D65E1C81FD453780046C9EF /* AsssgnTableView.xcdatamodeld */ = {
			isa = XCVersionGroup;
			children = (
				4D65E1C91FD453780046C9EF /* AsssgnTableView.xcdatamodel */,
			);
			currentVersion = 4D65E1C91FD453780046C9EF /* AsssgnTableView.xcdatamodel */;
			path = AsssgnTableView.xcdatamodeld;
			sourceTree = "<group>";
			versionGroupType = wrapper.xcdatamodel;
		};
/* End XCVersionGroup section */
	};
	rootObject = 4D65E1B61FD453780046C9EF /* Project object */;
}
