// !$*UTF8*$!
{
	archiveVersion = 1;
	classes = {
	};
	objectVersion = 48;
	objects = {

/* Begin PBXBuildFile section */
		1880CB531FEF68A10083A1BB /* AppDelegate.swift in Sources */ = {isa = PBXBuildFile; fileRef = 1880CB521FEF68A10083A1BB /* AppDelegate.swift */; };
		1880CB551FEF68A10083A1BB /* ViewController.swift in Sources */ = {isa = PBXBuildFile; fileRef = 1880CB541FEF68A10083A1BB /* ViewController.swift */; };
		1880CB581FEF68A10083A1BB /* Main.storyboard in Resources */ = {isa = PBXBuildFile; fileRef = 1880CB561FEF68A10083A1BB /* Main.storyboard */; };
		1880CB5A1FEF68A10083A1BB /* Assets.xcassets in Resources */ = {isa = PBXBuildFile; fileRef = 1880CB591FEF68A10083A1BB /* Assets.xcassets */; };
		1880CB5D1FEF68A10083A1BB /* LaunchScreen.storyboard in Resources */ = {isa = PBXBuildFile; fileRef = 1880CB5B1FEF68A10083A1BB /* LaunchScreen.storyboard */; };
		1880CB651FEF6A350083A1BB /* HeaderCVC.swift in Sources */ = {isa = PBXBuildFile; fileRef = 1880CB641FEF6A350083A1BB /* HeaderCVC.swift */; };
		1880CB671FEF6A770083A1BB /* FooterCVC.swift in Sources */ = {isa = PBXBuildFile; fileRef = 1880CB661FEF6A770083A1BB /* FooterCVC.swift */; };
		1880CB691FEF6AD00083A1BB /* DataCVC.swift in Sources */ = {isa = PBXBuildFile; fileRef = 1880CB681FEF6AD00083A1BB /* DataCVC.swift */; };
/* End PBXBuildFile section */

/* Begin PBXFileReference section */
		1880CB4F1FEF68A10083A1BB /* CollectionViewDemo2.app */ = {isa = PBXFileReference; explicitFileType = wrapper.application; includeInIndex = 0; path = CollectionViewDemo2.app; sourceTree = BUILT_PRODUCTS_DIR; };
		1880CB521FEF68A10083A1BB /* AppDelegate.swift */ = {isa = PBXFileReference; lastKnownFileType = sourcecode.swift; path = AppDelegate.swift; sourceTree = "<group>"; };
		1880CB541FEF68A10083A1BB /* ViewController.swift */ = {isa = PBXFileReference; lastKnownFileType = sourcecode.swift; path = ViewController.swift; sourceTree = "<group>"; };
		1880CB571FEF68A10083A1BB /* Base */ = {isa = PBXFileReference; lastKnownFileType = file.storyboard; name = Base; path = Base.lproj/Main.storyboard; sourceTree = "<group>"; };
		1880CB591FEF68A10083A1BB /* Assets.xcassets */ = {isa = PBXFileReference; lastKnownFileType = folder.assetcatalog; path = Assets.xcassets; sourceTree = "<group>"; };
		1880CB5C1FEF68A10083A1BB /* Base */ = {isa = PBXFileReference; lastKnownFileType = file.storyboard; name = Base; path = Base.lproj/LaunchScreen.storyboard; sourceTree = "<group>"; };
		1880CB5E1FEF68A10083A1BB /* Info.plist */ = {isa = PBXFileReference; lastKnownFileType = text.plist.xml; path = Info.plist; sourceTree = "<group>"; };
		1880CB641FEF6A350083A1BB /* HeaderCVC.swift */ = {isa = PBXFileReference; lastKnownFileType = sourcecode.swift; path = HeaderCVC.swift; sourceTree = "<group>"; };
		1880CB661FEF6A770083A1BB /* FooterCVC.swift */ = {isa = PBXFileReference; lastKnownFileType = sourcecode.swift; path = FooterCVC.swift; sourceTree = "<group>"; };
		1880CB681FEF6AD00083A1BB /* DataCVC.swift */ = {isa = PBXFileReference; lastKnownFileType = sourcecode.swift; path = DataCVC.swift; sourceTree = "<group>"; };
/* End PBXFileReference section */

/* Begin PBXFrameworksBuildPhase section */
		1880CB4C1FEF68A10083A1BB /* Frameworks */ = {
			isa = PBXFrameworksBuildPhase;
			buildActionMask = 2147483647;
			files = (
			);
			runOnlyForDeploymentPostprocessing = 0;
		};
/* End PBXFrameworksBuildPhase section */

/* Begin PBXGroup section */
		1880CB461FEF68A10083A1BB = {
			isa = PBXGroup;
			children = (
				1880CB511FEF68A10083A1BB /* CollectionViewDemo2 */,
				1880CB501FEF68A10083A1BB /* Products */,
			);
			sourceTree = "<group>";
		};
		1880CB501FEF68A10083A1BB /* Products */ = {
			isa = PBXGroup;
			children = (
				1880CB4F1FEF68A10083A1BB /* CollectionViewDemo2.app */,
			);
			name = Products;
			sourceTree = "<group>";
		};
		1880CB511FEF68A10083A1BB /* CollectionViewDemo2 */ = {
			isa = PBXGroup;
			children = (
				1880CB521FEF68A10083A1BB /* AppDelegate.swift */,
				1880CB541FEF68A10083A1BB /* ViewController.swift */,
				1880CB561FEF68A10083A1BB /* Main.storyboard */,
				1880CB591FEF68A10083A1BB /* Assets.xcassets */,
				1880CB5B1FEF68A10083A1BB /* LaunchScreen.storyboard */,
				1880CB5E1FEF68A10083A1BB /* Info.plist */,
				1880CB641FEF6A350083A1BB /* HeaderCVC.swift */,
				1880CB661FEF6A770083A1BB /* FooterCVC.swift */,
				1880CB681FEF6AD00083A1BB /* DataCVC.swift */,
			);
			path = CollectionViewDemo2;
			sourceTree = "<group>";
		};
/* End PBXGroup section */

/* Begin PBXNativeTarget section */
		1880CB4E1FEF68A10083A1BB /* CollectionViewDemo2 */ = {
			isa = PBXNativeTarget;
			buildConfigurationList = 1880CB611FEF68A10083A1BB /* Build configuration list for PBXNativeTarget "CollectionViewDemo2" */;
			buildPhases = (
				1880CB4B1FEF68A10083A1BB /* Sources */,
				1880CB4C1FEF68A10083A1BB /* Frameworks */,
				1880CB4D1FEF68A10083A1BB /* Resources */,
			);
			buildRules = (
			);
			dependencies = (
			);
			name = CollectionViewDemo2;
			productName = CollectionViewDemo2;
			productReference = 1880CB4F1FEF68A10083A1BB /* CollectionViewDemo2.app */;
			productType = "com.apple.product-type.application";
		};
/* End PBXNativeTarget section */

/* Begin PBXProject section */
		1880CB471FEF68A10083A1BB /* Project object */ = {
			isa = PBXProject;
			attributes = {
				LastSwiftUpdateCheck = 0900;
				LastUpgradeCheck = 0900;
				ORGANIZATIONNAME = APPLE;
				TargetAttributes = {
					1880CB4E1FEF68A10083A1BB = {
						CreatedOnToolsVersion = 9.0;
						ProvisioningStyle = Automatic;
					};
				};
			};
			buildConfigurationList = 1880CB4A1FEF68A10083A1BB /* Build configuration list for PBXProject "CollectionViewDemo2" */;
			compatibilityVersion = "Xcode 8.0";
			developmentRegion = en;
			hasScannedForEncodings = 0;
			knownRegions = (
				en,
				Base,
			);
			mainGroup = 1880CB461FEF68A10083A1BB;
			productRefGroup = 1880CB501FEF68A10083A1BB /* Products */;
			projectDirPath = "";
			projectRoot = "";
			targets = (
				1880CB4E1FEF68A10083A1BB /* CollectionViewDemo2 */,
			);
		};
/* End PBXProject section */

/* Begin PBXResourcesBuildPhase section */
		1880CB4D1FEF68A10083A1BB /* Resources */ = {
			isa = PBXResourcesBuildPhase;
			buildActionMask = 2147483647;
			files = (
				1880CB5D1FEF68A10083A1BB /* LaunchScreen.storyboard in Resources */,
				1880CB5A1FEF68A10083A1BB /* Assets.xcassets in Resources */,
				1880CB581FEF68A10083A1BB /* Main.storyboard in Resources */,
			);
			runOnlyForDeploymentPostprocessing = 0;
		};
/* End PBXResourcesBuildPhase section */

/* Begin PBXSourcesBuildPhase section */
		1880CB4B1FEF68A10083A1BB /* Sources */ = {
			isa = PBXSourcesBuildPhase;
			buildActionMask = 2147483647;
			files = (
				1880CB651FEF6A350083A1BB /* HeaderCVC.swift in Sources */,
				1880CB671FEF6A770083A1BB /* FooterCVC.swift in Sources */,
				1880CB691FEF6AD00083A1BB /* DataCVC.swift in Sources */,
				1880CB551FEF68A10083A1BB /* ViewController.swift in Sources */,
				1880CB531FEF68A10083A1BB /* AppDelegate.swift in Sources */,
			);
			runOnlyForDeploymentPostprocessing = 0;
		};
/* End PBXSourcesBuildPhase section */

/* Begin PBXVariantGroup section */
		1880CB561FEF68A10083A1BB /* Main.storyboard */ = {
			isa = PBXVariantGroup;
			children = (
				1880CB571FEF68A10083A1BB /* Base */,
			);
			name = Main.storyboard;
			sourceTree = "<group>";
		};
		1880CB5B1FEF68A10083A1BB /* LaunchScreen.storyboard */ = {
			isa = PBXVariantGroup;
			children = (
				1880CB5C1FEF68A10083A1BB /* Base */,
			);
			name = LaunchScreen.storyboard;
			sourceTree = "<group>";
		};
/* End PBXVariantGroup section */

/* Begin XCBuildConfiguration section */
		1880CB5F1FEF68A10083A1BB /* Debug */ = {
			isa = XCBuildConfiguration;
			buildSettings = {
				ALWAYS_SEARCH_USER_PATHS = NO;
				CLANG_ANALYZER_NONNULL = YES;
				CLANG_ANALYZER_NUMBER_OBJECT_CONVERSION = YES_AGGRESSIVE;
				CLANG_CXX_LANGUAGE_STANDARD = "gnu++14";
				CLANG_CXX_LIBRARY = "libc++";
				CLANG_ENABLE_MODULES = YES;
				CLANG_ENABLE_OBJC_ARC = YES;
				CLANG_WARN_BLOCK_CAPTURE_AUTORELEASING = YES;
				CLANG_WARN_BOOL_CONVERSION = YES;
				CLANG_WARN_COMMA = YES;
				CLANG_WARN_CONSTANT_CONVERSION = YES;
				CLANG_WARN_DIRECT_OBJC_ISA_USAGE = YES_ERROR;
				CLANG_WARN_DOCUMENTATION_COMMENTS = YES;
				CLANG_WARN_EMPTY_BODY = YES;
				CLANG_WARN_ENUM_CONVERSION = YES;
				CLANG_WARN_INFINITE_RECURSION = YES;
				CLANG_WARN_INT_CONVERSION = YES;
				CLANG_WARN_NON_LITERAL_NULL_CONVERSION = YES;
				CLANG_WARN_OBJC_LITERAL_CONVERSION = YES;
				CLANG_WARN_OBJC_ROOT_CLASS = YES_ERROR;
				CLANG_WARN_RANGE_LOOP_ANALYSIS = YES;
				CLANG_WARN_STRICT_PROTOTYPES = YES;
				CLANG_WARN_SUSPICIOUS_MOVE = YES;
				CLANG_WARN_UNGUARDED_AVAILABILITY = YES_AGGRESSIVE;
				CLANG_WARN_UNREACHABLE_CODE = YES;
				CLANG_WARN__DUPLICATE_METHOD_MATCH = YES;
				CODE_SIGN_IDENTITY = "iPhone Developer";
				COPY_PHASE_STRIP = NO;
				DEBUG_INFORMATION_FORMAT = dwarf;
				ENABLE_STRICT_OBJC_MSGSEND = YES;
				ENABLE_TESTABILITY = YES;
				GCC_C_LANGUAGE_STANDARD = gnu11;
				GCC_DYNAMIC_NO_PIC = NO;
				GCC_NO_COMMON_BLOCKS = YES;
				GCC_OPTIMIZATION_LEVEL = 0;
				GCC_PREPROCESSOR_DEFINITIONS = (
					"DEBUG=1",
					"$(inherited)",
				);
				GCC_WARN_64_TO_32_BIT_CONVERSION = YES;
				GCC_WARN_ABOUT_RETURN_TYPE = YES_ERROR;
				GCC_WARN_UNDECLARED_SELECTOR = YES;
				GCC_WARN_UNINITIALIZED_AUTOS = YES_AGGRESSIVE;
				GCC_WARN_UNUSED_FUNCTION = YES;
				GCC_WARN_UNUSED_VARIABLE = YES;
				IPHONEOS_DEPLOYMENT_TARGET = 11.0;
				MTL_ENABLE_DEBUG_INFO = YES;
				ONLY_ACTIVE_ARCH = YES;
				SDKROOT = iphoneos;
				SWIFT_ACTIVE_COMPILATION_CONDITIONS = DEBUG;
				SWIFT_OPTIMIZATION_LEVEL = "-Onone";
			};
			name = Debug;
		};
		1880CB601FEF68A10083A1BB /* Release */ = {
			isa = XCBuildConfiguration;
			buildSettings = {
				ALWAYS_SEARCH_USER_PATHS = NO;
				CLANG_ANALYZER_NONNULL = YES;
				CLANG_ANALYZER_NUMBER_OBJECT_CONVERSION = YES_AGGRESSIVE;
				CLANG_CXX_LANGUAGE_STANDARD = "gnu++14";
				CLANG_CXX_LIBRARY = "libc++";
				CLANG_ENABLE_MODULES = YES;
				CLANG_ENABLE_OBJC_ARC = YES;
				CLANG_WARN_BLOCK_CAPTURE_AUTORELEASING = YES;
				CLANG_WARN_BOOL_CONVERSION = YES;
				CLANG_WARN_COMMA = YES;
				CLANG_WARN_CONSTANT_CONVERSION = YES;
				CLANG_WARN_DIRECT_OBJC_ISA_USAGE = YES_ERROR;
				CLANG_WARN_DOCUMENTATION_COMMENTS = YES;
				CLANG_WARN_EMPTY_BODY = YES;
				CLANG_WARN_ENUM_CONVERSION = YES;
				CLANG_WARN_INFINITE_RECURSION = YES;
				CLANG_WARN_INT_CONVERSION = YES;
				CLANG_WARN_NON_LITERAL_NULL_CONVERSION = YES;
				CLANG_WARN_OBJC_LITERAL_CONVERSION = YES;
				CLANG_WARN_OBJC_ROOT_CLASS = YES_ERROR;
				CLANG_WARN_RANGE_LOOP_ANALYSIS = YES;
				CLANG_WARN_STRICT_PROTOTYPES = YES;
				CLANG_WARN_SUSPICIOUS_MOVE = YES;
				CLANG_WARN_UNGUARDED_AVAILABILITY = YES_AGGRESSIVE;
				CLANG_WARN_UNREACHABLE_CODE = YES;
				CLANG_WARN__DUPLICATE_METHOD_MATCH = YES;
				CODE_SIGN_IDENTITY = "iPhone Developer";
				COPY_PHASE_STRIP = NO;
				DEBUG_INFORMATION_FORMAT = "dwarf-with-dsym";
				ENABLE_NS_ASSERTIONS = NO;
				ENABLE_STRICT_OBJC_MSGSEND = YES;
				GCC_C_LANGUAGE_STANDARD = gnu11;
				GCC_NO_COMMON_BLOCKS = YES;
				GCC_WARN_64_TO_32_BIT_CONVERSION = YES;
				GCC_WARN_ABOUT_RETURN_TYPE = YES_ERROR;
				GCC_WARN_UNDECLARED_SELECTOR = YES;
				GCC_WARN_UNINITIALIZED_AUTOS = YES_AGGRESSIVE;
				GCC_WARN_UNUSED_FUNCTION = YES;
				GCC_WARN_UNUSED_VARIABLE = YES;
				IPHONEOS_DEPLOYMENT_TARGET = 11.0;
				MTL_ENABLE_DEBUG_INFO = NO;
				SDKROOT = iphoneos;
				SWIFT_OPTIMIZATION_LEVEL = "-Owholemodule";
				VALIDATE_PRODUCT = YES;
			};
			name = Release;
		};
		1880CB621FEF68A10083A1BB /* Debug */ = {
			isa = XCBuildConfiguration;
			buildSettings = {
				ASSETCATALOG_COMPILER_APPICON_NAME = AppIcon;
				CODE_SIGN_STYLE = Automatic;
				INFOPLIST_FILE = CollectionViewDemo2/Info.plist;
				LD_RUNPATH_SEARCH_PATHS = "$(inherited) @executable_path/Frameworks";
				PRODUCT_BUNDLE_IDENTIFIER = Trycatch.CollectionViewDemo2;
				PRODUCT_NAME = "$(TARGET_NAME)";
				SWIFT_VERSION = 4.0;
				TARGETED_DEVICE_FAMILY = "1,2";
			};
			name = Debug;
		};
		1880CB631FEF68A10083A1BB /* Release */ = {
			isa = XCBuildConfiguration;
			buildSettings = {
				ASSETCATALOG_COMPILER_APPICON_NAME = AppIcon;
				CODE_SIGN_STYLE = Automatic;
				INFOPLIST_FILE = CollectionViewDemo2/Info.plist;
				LD_RUNPATH_SEARCH_PATHS = "$(inherited) @executable_path/Frameworks";
				PRODUCT_BUNDLE_IDENTIFIER = Trycatch.CollectionViewDemo2;
				PRODUCT_NAME = "$(TARGET_NAME)";
				SWIFT_VERSION = 4.0;
				TARGETED_DEVICE_FAMILY = "1,2";
			};
			name = Release;
		};
/* End XCBuildConfiguration section */

/* Begin XCConfigurationList section */
		1880CB4A1FEF68A10083A1BB /* Build configuration list for PBXProject "CollectionViewDemo2" */ = {
			isa = XCConfigurationList;
			buildConfigurations = (
				1880CB5F1FEF68A10083A1BB /* Debug */,
				1880CB601FEF68A10083A1BB /* Release */,
			);
			defaultConfigurationIsVisible = 0;
			defaultConfigurationName = Release;
		};
		1880CB611FEF68A10083A1BB /* Build configuration list for PBXNativeTarget "CollectionViewDemo2" */ = {
			isa = XCConfigurationList;
			buildConfigurations = (
				1880CB621FEF68A10083A1BB /* Debug */,
				1880CB631FEF68A10083A1BB /* Release */,
			);
			defaultConfigurationIsVisible = 0;
			defaultConfigurationName = Release;
		};
/* End XCConfigurationList section */
	};
	rootObject = 1880CB471FEF68A10083A1BB /* Project object */;
}
