// !$*UTF8*$!
{
	archiveVersion = 1;
	classes = {
	};
	objectVersion = 48;
	objects = {

/* Begin PBXBuildFile section */
		18C57E621FE4D88300543562 /* AppDelegate.swift in Sources */ = {isa = PBXBuildFile; fileRef = 18C57E611FE4D88300543562 /* AppDelegate.swift */; };
		18C57E641FE4D88300543562 /* ViewController.swift in Sources */ = {isa = PBXBuildFile; fileRef = 18C57E631FE4D88300543562 /* ViewController.swift */; };
		18C57E671FE4D88300543562 /* Main.storyboard in Resources */ = {isa = PBXBuildFile; fileRef = 18C57E651FE4D88300543562 /* Main.storyboard */; };
		18C57E691FE4D88300543562 /* Assets.xcassets in Resources */ = {isa = PBXBuildFile; fileRef = 18C57E681FE4D88300543562 /* Assets.xcassets */; };
		18C57E6C1FE4D88300543562 /* LaunchScreen.storyboard in Resources */ = {isa = PBXBuildFile; fileRef = 18C57E6A1FE4D88300543562 /* LaunchScreen.storyboard */; };
		18C57E741FE4DB3B00543562 /* CustomCVC.swift in Sources */ = {isa = PBXBuildFile; fileRef = 18C57E731FE4DB3B00543562 /* CustomCVC.swift */; };
		18C57E761FE4E7EB00543562 /* HeaderCRV.swift in Sources */ = {isa = PBXBuildFile; fileRef = 18C57E751FE4E7EB00543562 /* HeaderCRV.swift */; };
		18C57E781FE4EAA700543562 /* FooterCRV.swift in Sources */ = {isa = PBXBuildFile; fileRef = 18C57E771FE4EAA700543562 /* FooterCRV.swift */; };
/* End PBXBuildFile section */

/* Begin PBXFileReference section */
		18C57E5E1FE4D88300543562 /* CollectionViewDemo.app */ = {isa = PBXFileReference; explicitFileType = wrapper.application; includeInIndex = 0; path = CollectionViewDemo.app; sourceTree = BUILT_PRODUCTS_DIR; };
		18C57E611FE4D88300543562 /* AppDelegate.swift */ = {isa = PBXFileReference; lastKnownFileType = sourcecode.swift; path = AppDelegate.swift; sourceTree = "<group>"; };
		18C57E631FE4D88300543562 /* ViewController.swift */ = {isa = PBXFileReference; lastKnownFileType = sourcecode.swift; path = ViewController.swift; sourceTree = "<group>"; };
		18C57E661FE4D88300543562 /* Base */ = {isa = PBXFileReference; lastKnownFileType = file.storyboard; name = Base; path = Base.lproj/Main.storyboard; sourceTree = "<group>"; };
		18C57E681FE4D88300543562 /* Assets.xcassets */ = {isa = PBXFileReference; lastKnownFileType = folder.assetcatalog; path = Assets.xcassets; sourceTree = "<group>"; };
		18C57E6B1FE4D88300543562 /* Base */ = {isa = PBXFileReference; lastKnownFileType = file.storyboard; name = Base; path = Base.lproj/LaunchScreen.storyboard; sourceTree = "<group>"; };
		18C57E6D1FE4D88300543562 /* Info.plist */ = {isa = PBXFileReference; lastKnownFileType = text.plist.xml; path = Info.plist; sourceTree = "<group>"; };
		18C57E731FE4DB3B00543562 /* CustomCVC.swift */ = {isa = PBXFileReference; lastKnownFileType = sourcecode.swift; path = CustomCVC.swift; sourceTree = "<group>"; };
		18C57E751FE4E7EB00543562 /* HeaderCRV.swift */ = {isa = PBXFileReference; lastKnownFileType = sourcecode.swift; path = HeaderCRV.swift; sourceTree = "<group>"; };
		18C57E771FE4EAA700543562 /* FooterCRV.swift */ = {isa = PBXFileReference; lastKnownFileType = sourcecode.swift; path = FooterCRV.swift; sourceTree = "<group>"; };
/* End PBXFileReference section */

/* Begin PBXFrameworksBuildPhase section */
		18C57E5B1FE4D88300543562 /* Frameworks */ = {
			isa = PBXFrameworksBuildPhase;
			buildActionMask = 2147483647;
			files = (
			);
			runOnlyForDeploymentPostprocessing = 0;
		};
/* End PBXFrameworksBuildPhase section */

/* Begin PBXGroup section */
		18C57E551FE4D88300543562 = {
			isa = PBXGroup;
			children = (
				18C57E601FE4D88300543562 /* CollectionViewDemo */,
				18C57E5F1FE4D88300543562 /* Products */,
			);
			sourceTree = "<group>";
		};
		18C57E5F1FE4D88300543562 /* Products */ = {
			isa = PBXGroup;
			children = (
				18C57E5E1FE4D88300543562 /* CollectionViewDemo.app */,
			);
			name = Products;
			sourceTree = "<group>";
		};
		18C57E601FE4D88300543562 /* CollectionViewDemo */ = {
			isa = PBXGroup;
			children = (
				18C57E611FE4D88300543562 /* AppDelegate.swift */,
				18C57E631FE4D88300543562 /* ViewController.swift */,
				18C57E651FE4D88300543562 /* Main.storyboard */,
				18C57E681FE4D88300543562 /* Assets.xcassets */,
				18C57E6A1FE4D88300543562 /* LaunchScreen.storyboard */,
				18C57E6D1FE4D88300543562 /* Info.plist */,
				18C57E731FE4DB3B00543562 /* CustomCVC.swift */,
				18C57E751FE4E7EB00543562 /* HeaderCRV.swift */,
				18C57E771FE4EAA700543562 /* FooterCRV.swift */,
			);
			path = CollectionViewDemo;
			sourceTree = "<group>";
		};
/* End PBXGroup section */

/* Begin PBXNativeTarget section */
		18C57E5D1FE4D88300543562 /* CollectionViewDemo */ = {
			isa = PBXNativeTarget;
			buildConfigurationList = 18C57E701FE4D88300543562 /* Build configuration list for PBXNativeTarget "CollectionViewDemo" */;
			buildPhases = (
				18C57E5A1FE4D88300543562 /* Sources */,
				18C57E5B1FE4D88300543562 /* Frameworks */,
				18C57E5C1FE4D88300543562 /* Resources */,
			);
			buildRules = (
			);
			dependencies = (
			);
			name = CollectionViewDemo;
			productName = CollectionViewDemo;
			productReference = 18C57E5E1FE4D88300543562 /* CollectionViewDemo.app */;
			productType = "com.apple.product-type.application";
		};
/* End PBXNativeTarget section */

/* Begin PBXProject section */
		18C57E561FE4D88300543562 /* Project object */ = {
			isa = PBXProject;
			attributes = {
				LastSwiftUpdateCheck = 0900;
				LastUpgradeCheck = 0900;
				ORGANIZATIONNAME = trycatch;
				TargetAttributes = {
					18C57E5D1FE4D88300543562 = {
						CreatedOnToolsVersion = 9.0;
						ProvisioningStyle = Automatic;
					};
				};
			};
			buildConfigurationList = 18C57E591FE4D88300543562 /* Build configuration list for PBXProject "CollectionViewDemo" */;
			compatibilityVersion = "Xcode 8.0";
			developmentRegion = en;
			hasScannedForEncodings = 0;
			knownRegions = (
				en,
				Base,
			);
			mainGroup = 18C57E551FE4D88300543562;
			productRefGroup = 18C57E5F1FE4D88300543562 /* Products */;
			projectDirPath = "";
			projectRoot = "";
			targets = (
				18C57E5D1FE4D88300543562 /* CollectionViewDemo */,
			);
		};
/* End PBXProject section */

/* Begin PBXResourcesBuildPhase section */
		18C57E5C1FE4D88300543562 /* Resources */ = {
			isa = PBXResourcesBuildPhase;
			buildActionMask = 2147483647;
			files = (
				18C57E6C1FE4D88300543562 /* LaunchScreen.storyboard in Resources */,
				18C57E691FE4D88300543562 /* Assets.xcassets in Resources */,
				18C57E671FE4D88300543562 /* Main.storyboard in Resources */,
			);
			runOnlyForDeploymentPostprocessing = 0;
		};
/* End PBXResourcesBuildPhase section */

/* Begin PBXSourcesBuildPhase section */
		18C57E5A1FE4D88300543562 /* Sources */ = {
			isa = PBXSourcesBuildPhase;
			buildActionMask = 2147483647;
			files = (
				18C57E741FE4DB3B00543562 /* CustomCVC.swift in Sources */,
				18C57E641FE4D88300543562 /* ViewController.swift in Sources */,
				18C57E761FE4E7EB00543562 /* HeaderCRV.swift in Sources */,
				18C57E781FE4EAA700543562 /* FooterCRV.swift in Sources */,
				18C57E621FE4D88300543562 /* AppDelegate.swift in Sources */,
			);
			runOnlyForDeploymentPostprocessing = 0;
		};
/* End PBXSourcesBuildPhase section */

/* Begin PBXVariantGroup section */
		18C57E651FE4D88300543562 /* Main.storyboard */ = {
			isa = PBXVariantGroup;
			children = (
				18C57E661FE4D88300543562 /* Base */,
			);
			name = Main.storyboard;
			sourceTree = "<group>";
		};
		18C57E6A1FE4D88300543562 /* LaunchScreen.storyboard */ = {
			isa = PBXVariantGroup;
			children = (
				18C57E6B1FE4D88300543562 /* Base */,
			);
			name = LaunchScreen.storyboard;
			sourceTree = "<group>";
		};
/* End PBXVariantGroup section */

/* Begin XCBuildConfiguration section */
		18C57E6E1FE4D88300543562 /* Debug */ = {
			isa = XCBuildConfiguration;
			buildSettings = {
				ALWAYS_SEARCH_USER_PATHS = NO;
				CLANG_ANALYZER_NONNULL = YES;
				CLANG_ANALYZER_NUMBER_OBJECT_CONVERSION = YES_AGGRESSIVE;
				CLANG_CXX_LANGUAGE_STANDARD = "gnu++14";
				CLANG_CXX_LIBRARY = "libc++";
				CLANG_ENABLE_MODULES = YES;
				CLANG_ENABLE_OBJC_ARC = YES;
				CLANG_WARN_BLOCK_CAPTURE_AUTORELEASING = YES;
				CLANG_WARN_BOOL_CONVERSION = YES;
				CLANG_WARN_COMMA = YES;
				CLANG_WARN_CONSTANT_CONVERSION = YES;
				CLANG_WARN_DIRECT_OBJC_ISA_USAGE = YES_ERROR;
				CLANG_WARN_DOCUMENTATION_COMMENTS = YES;
				CLANG_WARN_EMPTY_BODY = YES;
				CLANG_WARN_ENUM_CONVERSION = YES;
				CLANG_WARN_INFINITE_RECURSION = YES;
				CLANG_WARN_INT_CONVERSION = YES;
				CLANG_WARN_NON_LITERAL_NULL_CONVERSION = YES;
				CLANG_WARN_OBJC_LITERAL_CONVERSION = YES;
				CLANG_WARN_OBJC_ROOT_CLASS = YES_ERROR;
				CLANG_WARN_RANGE_LOOP_ANALYSIS = YES;
				CLANG_WARN_STRICT_PROTOTYPES = YES;
				CLANG_WARN_SUSPICIOUS_MOVE = YES;
				CLANG_WARN_UNGUARDED_AVAILABILITY = YES_AGGRESSIVE;
				CLANG_WARN_UNREACHABLE_CODE = YES;
				CLANG_WARN__DUPLICATE_METHOD_MATCH = YES;
				CODE_SIGN_IDENTITY = "iPhone Developer";
				COPY_PHASE_STRIP = NO;
				DEBUG_INFORMATION_FORMAT = dwarf;
				ENABLE_STRICT_OBJC_MSGSEND = YES;
				ENABLE_TESTABILITY = YES;
				GCC_C_LANGUAGE_STANDARD = gnu11;
				GCC_DYNAMIC_NO_PIC = NO;
				GCC_NO_COMMON_BLOCKS = YES;
				GCC_OPTIMIZATION_LEVEL = 0;
				GCC_PREPROCESSOR_DEFINITIONS = (
					"DEBUG=1",
					"$(inherited)",
				);
				GCC_WARN_64_TO_32_BIT_CONVERSION = YES;
				GCC_WARN_ABOUT_RETURN_TYPE = YES_ERROR;
				GCC_WARN_UNDECLARED_SELECTOR = YES;
				GCC_WARN_UNINITIALIZED_AUTOS = YES_AGGRESSIVE;
				GCC_WARN_UNUSED_FUNCTION = YES;
				GCC_WARN_UNUSED_VARIABLE = YES;
				IPHONEOS_DEPLOYMENT_TARGET = 11.0;
				MTL_ENABLE_DEBUG_INFO = YES;
				ONLY_ACTIVE_ARCH = YES;
				SDKROOT = iphoneos;
				SWIFT_ACTIVE_COMPILATION_CONDITIONS = DEBUG;
				SWIFT_OPTIMIZATION_LEVEL = "-Onone";
			};
			name = Debug;
		};
		18C57E6F1FE4D88300543562 /* Release */ = {
			isa = XCBuildConfiguration;
			buildSettings = {
				ALWAYS_SEARCH_USER_PATHS = NO;
				CLANG_ANALYZER_NONNULL = YES;
				CLANG_ANALYZER_NUMBER_OBJECT_CONVERSION = YES_AGGRESSIVE;
				CLANG_CXX_LANGUAGE_STANDARD = "gnu++14";
				CLANG_CXX_LIBRARY = "libc++";
				CLANG_ENABLE_MODULES = YES;
				CLANG_ENABLE_OBJC_ARC = YES;
				CLANG_WARN_BLOCK_CAPTURE_AUTORELEASING = YES;
				CLANG_WARN_BOOL_CONVERSION = YES;
				CLANG_WARN_COMMA = YES;
				CLANG_WARN_CONSTANT_CONVERSION = YES;
				CLANG_WARN_DIRECT_OBJC_ISA_USAGE = YES_ERROR;
				CLANG_WARN_DOCUMENTATION_COMMENTS = YES;
				CLANG_WARN_EMPTY_BODY = YES;
				CLANG_WARN_ENUM_CONVERSION = YES;
				CLANG_WARN_INFINITE_RECURSION = YES;
				CLANG_WARN_INT_CONVERSION = YES;
				CLANG_WARN_NON_LITERAL_NULL_CONVERSION = YES;
				CLANG_WARN_OBJC_LITERAL_CONVERSION = YES;
				CLANG_WARN_OBJC_ROOT_CLASS = YES_ERROR;
				CLANG_WARN_RANGE_LOOP_ANALYSIS = YES;
				CLANG_WARN_STRICT_PROTOTYPES = YES;
				CLANG_WARN_SUSPICIOUS_MOVE = YES;
				CLANG_WARN_UNGUARDED_AVAILABILITY = YES_AGGRESSIVE;
				CLANG_WARN_UNREACHABLE_CODE = YES;
				CLANG_WARN__DUPLICATE_METHOD_MATCH = YES;
				CODE_SIGN_IDENTITY = "iPhone Developer";
				COPY_PHASE_STRIP = NO;
				DEBUG_INFORMATION_FORMAT = "dwarf-with-dsym";
				ENABLE_NS_ASSERTIONS = NO;
				ENABLE_STRICT_OBJC_MSGSEND = YES;
				GCC_C_LANGUAGE_STANDARD = gnu11;
				GCC_NO_COMMON_BLOCKS = YES;
				GCC_WARN_64_TO_32_BIT_CONVERSION = YES;
				GCC_WARN_ABOUT_RETURN_TYPE = YES_ERROR;
				GCC_WARN_UNDECLARED_SELECTOR = YES;
				GCC_WARN_UNINITIALIZED_AUTOS = YES_AGGRESSIVE;
				GCC_WARN_UNUSED_FUNCTION = YES;
				GCC_WARN_UNUSED_VARIABLE = YES;
				IPHONEOS_DEPLOYMENT_TARGET = 11.0;
				MTL_ENABLE_DEBUG_INFO = NO;
				SDKROOT = iphoneos;
				SWIFT_OPTIMIZATION_LEVEL = "-Owholemodule";
				VALIDATE_PRODUCT = YES;
			};
			name = Release;
		};
		18C57E711FE4D88300543562 /* Debug */ = {
			isa = XCBuildConfiguration;
			buildSettings = {
				ASSETCATALOG_COMPILER_APPICON_NAME = AppIcon;
				CODE_SIGN_STYLE = Automatic;
				INFOPLIST_FILE = CollectionViewDemo/Info.plist;
				LD_RUNPATH_SEARCH_PATHS = "$(inherited) @executable_path/Frameworks";
				PRODUCT_BUNDLE_IDENTIFIER = com.trycatch.CollectionViewDemo;
				PRODUCT_NAME = "$(TARGET_NAME)";
				SWIFT_VERSION = 4.0;
				TARGETED_DEVICE_FAMILY = "1,2";
			};
			name = Debug;
		};
		18C57E721FE4D88300543562 /* Release */ = {
			isa = XCBuildConfiguration;
			buildSettings = {
				ASSETCATALOG_COMPILER_APPICON_NAME = AppIcon;
				CODE_SIGN_STYLE = Automatic;
				INFOPLIST_FILE = CollectionViewDemo/Info.plist;
				LD_RUNPATH_SEARCH_PATHS = "$(inherited) @executable_path/Frameworks";
				PRODUCT_BUNDLE_IDENTIFIER = com.trycatch.CollectionViewDemo;
				PRODUCT_NAME = "$(TARGET_NAME)";
				SWIFT_VERSION = 4.0;
				TARGETED_DEVICE_FAMILY = "1,2";
			};
			name = Release;
		};
/* End XCBuildConfiguration section */

/* Begin XCConfigurationList section */
		18C57E591FE4D88300543562 /* Build configuration list for PBXProject "CollectionViewDemo" */ = {
			isa = XCConfigurationList;
			buildConfigurations = (
				18C57E6E1FE4D88300543562 /* Debug */,
				18C57E6F1FE4D88300543562 /* Release */,
			);
			defaultConfigurationIsVisible = 0;
			defaultConfigurationName = Release;
		};
		18C57E701FE4D88300543562 /* Build configuration list for PBXNativeTarget "CollectionViewDemo" */ = {
			isa = XCConfigurationList;
			buildConfigurations = (
				18C57E711FE4D88300543562 /* Debug */,
				18C57E721FE4D88300543562 /* Release */,
			);
			defaultConfigurationIsVisible = 0;
			defaultConfigurationName = Release;
		};
/* End XCConfigurationList section */
	};
	rootObject = 18C57E561FE4D88300543562 /* Project object */;
}
